
Microsoft Visual Studio Solution File, Format Version 12.00
# Visual Studio 2013
VisualStudioVersion = 12.0.21005.1
MinimumVisualStudioVersion = 10.0.40219.1
Project("{FAE04EC0-301F-11D3-BF4B-00C04F79EFBC}") = "BL", "BL\BL.csproj", "{EA24A752-16E2-422F-A805-606EAF059B19}"
EndProject
Project("{FAE04EC0-301F-11D3-BF4B-00C04F79EFBC}") = "DL", "DL\DL.csproj", "{16402BD9-9382-4E64-9C92-89110A96DFA9}"
EndProject
Project("{FAE04EC0-301F-11D3-BF4B-00C04F79EFBC}") = "ML", "ML\ML.csproj", "{C0513085-BA08-434E-BAE4-C8C2B9636696}"
EndProject
Project("{FAE04EC0-301F-11D3-BF4B-00C04F79EFBC}") = "PL", "PL\PL.csproj", "{D37D9810-BFFB-4D03-9F2D-D8230B70EB81}"
EndProject
Global
	GlobalSection(SolutionConfigurationPlatforms) = preSolution
		Debug|Any CPU = Debug|Any CPU
		Release|Any CPU = Release|Any CPU
	EndGlobalSection
	GlobalSection(ProjectConfigurationPlatforms) = postSolution
		{EA24A752-16E2-422F-A805-606EAF059B19}.Debug|Any CPU.ActiveCfg = Debug|Any CPU
		{EA24A752-16E2-422F-A805-606EAF059B19}.Debug|Any CPU.Build.0 = Debug|Any CPU
		{EA24A752-16E2-422F-A805-606EAF059B19}.Release|Any CPU.ActiveCfg = Release|Any CPU
		{EA24A752-16E2-422F-A805-606EAF059B19}.Release|Any CPU.Build.0 = Release|Any CPU
		{16402BD9-9382-4E64-9C92-89110A96DFA9}.Debug|Any CPU.ActiveCfg = Debug|Any CPU
		{16402BD9-9382-4E64-9C92-89110A96DFA9}.Debug|Any CPU.Build.0 = Debug|Any CPU
		{16402BD9-9382-4E64-9C92-89110A96DFA9}.Release|Any CPU.ActiveCfg = Release|Any CPU
		{16402BD9-9382-4E64-9C92-89110A96DFA9}.Release|Any CPU.Build.0 = Release|Any CPU
		{C0513085-BA08-434E-BAE4-C8C2B9636696}.Debug|Any CPU.ActiveCfg = Debug|Any CPU
		{C0513085-BA08-434E-BAE4-C8C2B9636696}.Debug|Any CPU.Build.0 = Debug|Any CPU
		{C0513085-BA08-434E-BAE4-C8C2B9636696}.Release|Any CPU.ActiveCfg = Release|Any CPU
		{C0513085-BA08-434E-BAE4-C8C2B9636696}.Release|Any CPU.Build.0 = Release|Any CPU
		{D37D9810-BFFB-4D03-9F2D-D8230B70EB81}.Debug|Any CPU.ActiveCfg = Debug|Any CPU
		{D37D9810-BFFB-4D03-9F2D-D8230B70EB81}.Debug|Any CPU.Build.0 = Debug|Any CPU
		{D37D9810-BFFB-4D03-9F2D-D8230B70EB81}.Release|Any CPU.ActiveCfg = Release|Any CPU
		{D37D9810-BFFB-4D03-9F2D-D8230B70EB81}.Release|Any CPU.Build.0 = Release|Any CPU
	EndGlobalSection
	GlobalSection(SolutionProperties) = preSolution
		HideSolutionNode = FALSE
	EndGlobalSection
EndGlobal
